
Microsoft Visual Studio Solution File, Format Version 12.00
# Visual Studio Version 16
VisualStudioVersion = 16.0.31829.152
MinimumVisualStudioVersion = 10.0.40219.1
Project("{FAE04EC0-301F-11D3-BF4B-00C04F79EFBC}") = "Task01-Student", "Task01-Student\Task01-Student.csproj", "{2B3163DA-25AE-4E13-928C-B7B4D69E750A}"
EndProject
Project("{FAE04EC0-301F-11D3-BF4B-00C04F79EFBC}") = "Task02-Figure(Interface)", "Task02-Figure(Interface)\Task02-Figure(Interface).csproj", "{A72B3F19-0615-45A3-BCF6-BAC78205D1E2}"
EndProject
Project("{FAE04EC0-301F-11D3-BF4B-00C04F79EFBC}") = "Task03-Calculator(Interface)", "Task03-Calculator(Interface)\Task03-Calculator(Interface).csproj", "{02EF01D4-5EB0-4A25-B692-54259D78FDB3}"
EndProject
Global
	GlobalSection(SolutionConfigurationPlatforms) = preSolution
		Debug|Any CPU = Debug|Any CPU
		Release|Any CPU = Release|Any CPU
	EndGlobalSection
	GlobalSection(ProjectConfigurationPlatforms) = postSolution
		{2B3163DA-25AE-4E13-928C-B7B4D69E750A}.Debug|Any CPU.ActiveCfg = Debug|Any CPU
		{2B3163DA-25AE-4E13-928C-B7B4D69E750A}.Debug|Any CPU.Build.0 = Debug|Any CPU
		{2B3163DA-25AE-4E13-928C-B7B4D69E750A}.Release|Any CPU.ActiveCfg = Release|Any CPU
		{2B3163DA-25AE-4E13-928C-B7B4D69E750A}.Release|Any CPU.Build.0 = Release|Any CPU
		{A72B3F19-0615-45A3-BCF6-BAC78205D1E2}.Debug|Any CPU.ActiveCfg = Debug|Any CPU
		{A72B3F19-0615-45A3-BCF6-BAC78205D1E2}.Debug|Any CPU.Build.0 = Debug|Any CPU
		{A72B3F19-0615-45A3-BCF6-BAC78205D1E2}.Release|Any CPU.ActiveCfg = Release|Any CPU
		{A72B3F19-0615-45A3-BCF6-BAC78205D1E2}.Release|Any CPU.Build.0 = Release|Any CPU
		{02EF01D4-5EB0-4A25-B692-54259D78FDB3}.Debug|Any CPU.ActiveCfg = Debug|Any CPU
		{02EF01D4-5EB0-4A25-B692-54259D78FDB3}.Debug|Any CPU.Build.0 = Debug|Any CPU
		{02EF01D4-5EB0-4A25-B692-54259D78FDB3}.Release|Any CPU.ActiveCfg = Release|Any CPU
		{02EF01D4-5EB0-4A25-B692-54259D78FDB3}.Release|Any CPU.Build.0 = Release|Any CPU
	EndGlobalSection
	GlobalSection(SolutionProperties) = preSolution
		HideSolutionNode = FALSE
	EndGlobalSection
	GlobalSection(ExtensibilityGlobals) = postSolution
		SolutionGuid = {4965E997-4327-48BB-8024-B1098E3C1BA3}
	EndGlobalSection
EndGlobal
