
Microsoft Visual Studio Solution File, Format Version 12.00
# Visual Studio Version 16
VisualStudioVersion = 16.0.31729.503
MinimumVisualStudioVersion = 10.0.40219.1
Project("{9A19103F-16F7-4668-BE54-9A1E7A4F7556}") = "AccountCheckTask", "AccountCheckTask\AccountCheckTask.csproj", "{7BAF67ED-DABA-4501-8AF6-5A3AA355BA99}"
EndProject
Project("{FAE04EC0-301F-11D3-BF4B-00C04F79EFBC}") = "CountriesAndCapitalCitiesTask", "CountriesAndCapitalCitiesTask\CountriesAndCapitalCitiesTask.csproj", "{253A97D5-2595-41D0-99A1-BDAC7769E8E5}"
EndProject
Project("{FAE04EC0-301F-11D3-BF4B-00C04F79EFBC}") = "TaskQueue", "TaskQueue\TaskQueue.csproj", "{8EEC4952-0C24-426B-B033-EAEE7E931A1D}"
EndProject
Global
	GlobalSection(SolutionConfigurationPlatforms) = preSolution
		Debug|Any CPU = Debug|Any CPU
		Release|Any CPU = Release|Any CPU
	EndGlobalSection
	GlobalSection(ProjectConfigurationPlatforms) = postSolution
		{7BAF67ED-DABA-4501-8AF6-5A3AA355BA99}.Debug|Any CPU.ActiveCfg = Debug|Any CPU
		{7BAF67ED-DABA-4501-8AF6-5A3AA355BA99}.Debug|Any CPU.Build.0 = Debug|Any CPU
		{7BAF67ED-DABA-4501-8AF6-5A3AA355BA99}.Release|Any CPU.ActiveCfg = Release|Any CPU
		{7BAF67ED-DABA-4501-8AF6-5A3AA355BA99}.Release|Any CPU.Build.0 = Release|Any CPU
		{253A97D5-2595-41D0-99A1-BDAC7769E8E5}.Debug|Any CPU.ActiveCfg = Debug|Any CPU
		{253A97D5-2595-41D0-99A1-BDAC7769E8E5}.Debug|Any CPU.Build.0 = Debug|Any CPU
		{253A97D5-2595-41D0-99A1-BDAC7769E8E5}.Release|Any CPU.ActiveCfg = Release|Any CPU
		{253A97D5-2595-41D0-99A1-BDAC7769E8E5}.Release|Any CPU.Build.0 = Release|Any CPU
		{8EEC4952-0C24-426B-B033-EAEE7E931A1D}.Debug|Any CPU.ActiveCfg = Debug|Any CPU
		{8EEC4952-0C24-426B-B033-EAEE7E931A1D}.Debug|Any CPU.Build.0 = Debug|Any CPU
		{8EEC4952-0C24-426B-B033-EAEE7E931A1D}.Release|Any CPU.ActiveCfg = Release|Any CPU
		{8EEC4952-0C24-426B-B033-EAEE7E931A1D}.Release|Any CPU.Build.0 = Release|Any CPU
	EndGlobalSection
	GlobalSection(SolutionProperties) = preSolution
		HideSolutionNode = FALSE
	EndGlobalSection
	GlobalSection(ExtensibilityGlobals) = postSolution
		SolutionGuid = {24F98C86-A520-477F-B82B-9439E90CE6A2}
	EndGlobalSection
EndGlobal
