
Microsoft Visual Studio Solution File, Format Version 12.00
# Visual Studio Version 16
VisualStudioVersion = 16.0.31729.503
MinimumVisualStudioVersion = 10.0.40219.1
Project("{9A19103F-16F7-4668-BE54-9A1E7A4F7556}") = "TaskAtLesson-05.11.21", "TaskAtLesson-05.11.21\TaskAtLesson-05.11.21.csproj", "{EFEFD110-272A-40DD-B123-904C06F8F079}"
EndProject
Project("{FAE04EC0-301F-11D3-BF4B-00C04F79EFBC}") = "ProductClass-Task", "ProductClass-Task\ProductClass-Task.csproj", "{C2A5E204-BBFB-4880-95BF-C938350E2AE4}"
EndProject
Global
	GlobalSection(SolutionConfigurationPlatforms) = preSolution
		Debug|Any CPU = Debug|Any CPU
		Release|Any CPU = Release|Any CPU
	EndGlobalSection
	GlobalSection(ProjectConfigurationPlatforms) = postSolution
		{EFEFD110-272A-40DD-B123-904C06F8F079}.Debug|Any CPU.ActiveCfg = Debug|Any CPU
		{EFEFD110-272A-40DD-B123-904C06F8F079}.Debug|Any CPU.Build.0 = Debug|Any CPU
		{EFEFD110-272A-40DD-B123-904C06F8F079}.Release|Any CPU.ActiveCfg = Release|Any CPU
		{EFEFD110-272A-40DD-B123-904C06F8F079}.Release|Any CPU.Build.0 = Release|Any CPU
		{C2A5E204-BBFB-4880-95BF-C938350E2AE4}.Debug|Any CPU.ActiveCfg = Debug|Any CPU
		{C2A5E204-BBFB-4880-95BF-C938350E2AE4}.Debug|Any CPU.Build.0 = Debug|Any CPU
		{C2A5E204-BBFB-4880-95BF-C938350E2AE4}.Release|Any CPU.ActiveCfg = Release|Any CPU
		{C2A5E204-BBFB-4880-95BF-C938350E2AE4}.Release|Any CPU.Build.0 = Release|Any CPU
	EndGlobalSection
	GlobalSection(SolutionProperties) = preSolution
		HideSolutionNode = FALSE
	EndGlobalSection
	GlobalSection(ExtensibilityGlobals) = postSolution
		SolutionGuid = {08B8C47E-32C8-46A3-87EB-913652F4CEE2}
	EndGlobalSection
EndGlobal
