
Microsoft Visual Studio Solution File, Format Version 12.00
# Visual Studio Version 16
VisualStudioVersion = 16.0.31911.196
MinimumVisualStudioVersion = 10.0.40219.1
Project("{FAE04EC0-301F-11D3-BF4B-00C04F79EFBC}") = "AccountCheckTask", "AccountCheckTask.csproj", "{F62F7997-132F-4E6E-B69F-5435DCD323FB}"
EndProject
Global
	GlobalSection(SolutionConfigurationPlatforms) = preSolution
		Debug|Any CPU = Debug|Any CPU
		Release|Any CPU = Release|Any CPU
	EndGlobalSection
	GlobalSection(ProjectConfigurationPlatforms) = postSolution
		{F62F7997-132F-4E6E-B69F-5435DCD323FB}.Debug|Any CPU.ActiveCfg = Debug|Any CPU
		{F62F7997-132F-4E6E-B69F-5435DCD323FB}.Debug|Any CPU.Build.0 = Debug|Any CPU
		{F62F7997-132F-4E6E-B69F-5435DCD323FB}.Release|Any CPU.ActiveCfg = Release|Any CPU
		{F62F7997-132F-4E6E-B69F-5435DCD323FB}.Release|Any CPU.Build.0 = Release|Any CPU
	EndGlobalSection
	GlobalSection(SolutionProperties) = preSolution
		HideSolutionNode = FALSE
	EndGlobalSection
	GlobalSection(ExtensibilityGlobals) = postSolution
		SolutionGuid = {3C43236D-12EA-4FA5-9F0B-9CBA1E662843}
	EndGlobalSection
EndGlobal
