
Microsoft Visual Studio Solution File, Format Version 12.00
# Visual Studio Version 16
VisualStudioVersion = 16.0.31729.503
MinimumVisualStudioVersion = 10.0.40219.1
Project("{9A19103F-16F7-4668-BE54-9A1E7A4F7556}") = "Task-01", "Task-01\Task-01.csproj", "{55F9CE4E-713F-4CB2-8FA8-929992BBF880}"
EndProject
Project("{FAE04EC0-301F-11D3-BF4B-00C04F79EFBC}") = "Task-02", "Task-02\Task-02.csproj", "{D8F22FC8-0715-4D86-8D07-AAB0877BD79F}"
EndProject
Project("{FAE04EC0-301F-11D3-BF4B-00C04F79EFBC}") = "Task-03", "Task-03\Task-03.csproj", "{A347A6BE-736D-4048-9D7F-B4D9936F7A98}"
EndProject
Project("{FAE04EC0-301F-11D3-BF4B-00C04F79EFBC}") = "Task-04", "Task-04\Task-04.csproj", "{F2CEE789-A256-4893-AEAF-3140526FD32C}"
EndProject
Global
	GlobalSection(SolutionConfigurationPlatforms) = preSolution
		Debug|Any CPU = Debug|Any CPU
		Release|Any CPU = Release|Any CPU
	EndGlobalSection
	GlobalSection(ProjectConfigurationPlatforms) = postSolution
		{55F9CE4E-713F-4CB2-8FA8-929992BBF880}.Debug|Any CPU.ActiveCfg = Debug|Any CPU
		{55F9CE4E-713F-4CB2-8FA8-929992BBF880}.Debug|Any CPU.Build.0 = Debug|Any CPU
		{55F9CE4E-713F-4CB2-8FA8-929992BBF880}.Release|Any CPU.ActiveCfg = Release|Any CPU
		{55F9CE4E-713F-4CB2-8FA8-929992BBF880}.Release|Any CPU.Build.0 = Release|Any CPU
		{D8F22FC8-0715-4D86-8D07-AAB0877BD79F}.Debug|Any CPU.ActiveCfg = Debug|Any CPU
		{D8F22FC8-0715-4D86-8D07-AAB0877BD79F}.Debug|Any CPU.Build.0 = Debug|Any CPU
		{D8F22FC8-0715-4D86-8D07-AAB0877BD79F}.Release|Any CPU.ActiveCfg = Release|Any CPU
		{D8F22FC8-0715-4D86-8D07-AAB0877BD79F}.Release|Any CPU.Build.0 = Release|Any CPU
		{A347A6BE-736D-4048-9D7F-B4D9936F7A98}.Debug|Any CPU.ActiveCfg = Debug|Any CPU
		{A347A6BE-736D-4048-9D7F-B4D9936F7A98}.Debug|Any CPU.Build.0 = Debug|Any CPU
		{A347A6BE-736D-4048-9D7F-B4D9936F7A98}.Release|Any CPU.ActiveCfg = Release|Any CPU
		{A347A6BE-736D-4048-9D7F-B4D9936F7A98}.Release|Any CPU.Build.0 = Release|Any CPU
		{F2CEE789-A256-4893-AEAF-3140526FD32C}.Debug|Any CPU.ActiveCfg = Debug|Any CPU
		{F2CEE789-A256-4893-AEAF-3140526FD32C}.Debug|Any CPU.Build.0 = Debug|Any CPU
		{F2CEE789-A256-4893-AEAF-3140526FD32C}.Release|Any CPU.ActiveCfg = Release|Any CPU
		{F2CEE789-A256-4893-AEAF-3140526FD32C}.Release|Any CPU.Build.0 = Release|Any CPU
	EndGlobalSection
	GlobalSection(SolutionProperties) = preSolution
		HideSolutionNode = FALSE
	EndGlobalSection
	GlobalSection(ExtensibilityGlobals) = postSolution
		SolutionGuid = {EBD18D83-C8EA-4C69-850D-8A0769740488}
	EndGlobalSection
EndGlobal
